github.com/Stegosawr/apiapi v0.0.0-20221104095132-7a84d190f9a6 h1:7M/CxXiXhOCYkKZhYb7dnonuIQLfp8seynJMtu5SQXo=
github.com/Stegosawr/apiapi v0.0.0-20221104095132-7a84d190f9a6/go.mod h1:RNVTv/ivMMhHJWcp9+JonTEqFUwfKDmrxb1n6Bkd4KU=
github.com/Stegosawr/apiapi v0.0.0-20240317182509-8d232085f4f3 h1:CbV+gtEIvadKqqeuJjkGMEmGMiSD9CsbukgtCWVm9Co=
github.com/Stegosawr/apiapi v0.0.0-20240317182509-8d232085f4f3/go.mod h1:TvPWc1H+s9Ojl+fa9vngye1hMcXVWneOi/iFkIVohW0=
github.com/Stegosawr/currency v0.0.0-20211030231643-8e81d57900f4 h1:qXL9ZQ1j1TRBhI9mlrh6LhErMKAf3a/VmKJ1mEHGrRQ=
github.com/Stegosawr/currency v0.0.0-20211030231643-8e81d57900f4/go.mod h1:sZCJ2UJsH5uV3vanmKDnFW5bnLoqo5F3i6DIbLKgd88=
github.com/Stegosawr/solarisapi v0.0.0-20220602151344-c7871c07e117 h1:8JSJ89b9iiiE0jKUrKQ5Q0WkO+u5gnEIRwa4A5kaneY=
github.com/Stegosawr/solarisapi v0.0.0-20220602151344-c7871c07e117/go.mod h1:fTc3k2kIgp8LQ8uLXWJmRCRQCUbwq3wGl96wXGsZ+/0=
github.com/bwmarrin/discordgo v0.26.1 h1:AIrM+g3cl+iYBr4yBxCBp9tD9jR3K7upEjl0d89FRkE=
github.com/bwmarrin/discordgo v0.26.1/go.mod h1:NJZpH+1AfhIcyQsPeuBKsUtYrRnjkyu0kIVMCHkZtRY=
github.com/bwmarrin/discordgo v0.27.1 h1:ib9AIc/dom1E/fSIulrBwnez0CToJE113ZGt4HoliGY=
github.com/bwmarrin/discordgo v0.27.1/go.mod h1:NJZpH+1AfhIcyQsPeuBKsUtYrRnjkyu0kIVMCHkZtRY=
github.com/gan-of-culture/octopus-api v0.0.0-20211218220856-fdbb8ca6dabf h1:10jYEMBQctcNgB7wHBk0TQ2tyaGlRZ6ko7djO1w4h9k=
github.com/gan-of-culture/octopus-api v0.0.0-20211218220856-fdbb8ca6dabf/go.mod h1:Vvklo0lBmFZuKLN3VaSVanWFdUyD5A078zNc/SjjMcI=
github.com/gorilla/websocket v1.4.2/go.mod h1:YR8l580nyteQvAITg2hZ9XVh4b55+EU/adAjf1fMHhE=
github.com/gorilla/websocket v1.5.0 h1:PPwGk2jz7EePpoHN/+ClbZu8SPxiqlu12wZP/3sWmnc=
github.com/gorilla/websocket v1.5.0/go.mod h1:YR8l580nyteQvAITg2hZ9XVh4b55+EU/adAjf1fMHhE=
github.com/gorilla/websocket v1.5.1 h1:gmztn0JnHVt9JZquRuzLw3g4wouNVzKL15iLr/zn/QY=
github.com/gorilla/websocket v1.5.1/go.mod h1:x3kM2JMyaluk02fnUJpQuwD2dCS5NDG2ZHL0uE0tcaY=
golang.org/x/crypto v0.0.0-20210421170649-83a5a9bb288b/go.mod h1:T9bdIzuCu7OtxOm1hfPfRQxPLYneinmdGuTeoZ9dtd4=
golang.org/x/crypto v0.1.0 h1:MDRAIl0xIo9Io2xV565hzXHw3zVseKrJKodhohM5CjU=
golang.org/x/crypto v0.1.0/go.mod h1:RecgLatLF4+eUMCP1PoPZQb+cVrJcOPbHkTkbkB9sbw=
golang.org/x/crypto v0.21.0 h1:X31++rzVUdKhX5sWmSOFZxx8UW/ldWx55cbf08iNAMA=
golang.org/x/crypto v0.21.0/go.mod h1:0BP7YvVV9gBbVKyeTG0Gyn+gZm94bibOW5BjDEYAOMs=
golang.org/x/net v0.0.0-20210226172049-e18ecbb05110/go.mod h1:m0MpNAwzfU5UDzcl9v0D8zg8gWTRqZa9RBIspLL5mdg=
golang.org/x/net v0.21.0 h1:AQyQV4dYCvJ7vGmJyKki9+PBdyvhkSd8EIx/qb0AYv4=
golang.org/x/net v0.21.0/go.mod h1:bIjVDfnllIU7BJ2DNgfnXvpSvtn8VRwhlsaeUTyUS44=
golang.org/x/sys v0.0.0-20201119102817-f84b799fce68/go.mod h1:h1NjWce9XRLGQEsW7wpKNCjG9DtNlClVuFLEZdDNbEs=
golang.org/x/sys v0.1.0 h1:kunALQeHf1/185U1i0GOB/fy1IPRDDpuoOOqRReG57U=
golang.org/x/sys v0.1.0/go.mod h1:oPkhp1MJrh7nUepCBck5+mAzfO9JrbApNNgaTdGDITg=
golang.org/x/sys v0.18.0 h1:DBdB3niSjOA/O0blCZBqDefyWNYveAYMNF1Wum0DYQ4=
golang.org/x/sys v0.18.0/go.mod h1:/VUhepiaJMQUp4+oa/7Zr1D23ma6VTLIYjOOTFZPUcA=
golang.org/x/term v0.0.0-20201126162022-7de9c90e9dd1/go.mod h1:bj7SfCRtBDWHUb9snDiAeCFNEtKQo2Wmx5Cou7ajbmo=
golang.org/x/text v0.3.3/go.mod h1:5Zoc/QRtKVWzQhOtBMvqHzDpF6irO9z98xDceosuGiQ=
golang.org/x/tools v0.0.0-20180917221912-90fa682c2a6e/go.mod h1:n7NCudcB/nEzxVGmLbDWY5pfWTLqBcC2KZ6jyYvM4mQ=
